// !$*UTF8*$!
{
	archiveVersion = 1;
	classes = {
	};
	objectVersion = 51;
	objects = {

/* Begin PBXBuildFile section */
		42CD497604ACA861C8DBAC12 /* Pods_GithubSearch.framework in Frameworks */ = {isa = PBXBuildFile; fileRef = 458D258538AE648A0E429CA6 /* Pods_GithubSearch.framework */; };
		434F9BA37647BEA15AE6FA03 /* Pods_GithubSearch_GithubSearchUITests.framework in Frameworks */ = {isa = PBXBuildFile; fileRef = 0B6E226FC59B92148B896F7F /* Pods_GithubSearch_GithubSearchUITests.framework */; };
		53981A572462488600F9B699 /* AppDelegate.swift in Sources */ = {isa = PBXBuildFile; fileRef = 53981A562462488600F9B699 /* AppDelegate.swift */; };
		53981A592462488600F9B699 /* SceneDelegate.swift in Sources */ = {isa = PBXBuildFile; fileRef = 53981A582462488600F9B699 /* SceneDelegate.swift */; };
		53981A5B2462488600F9B699 /* ViewController.swift in Sources */ = {isa = PBXBuildFile; fileRef = 53981A5A2462488600F9B699 /* ViewController.swift */; };
		53981A5E2462488600F9B699 /* Main.storyboard in Resources */ = {isa = PBXBuildFile; fileRef = 53981A5C2462488600F9B699 /* Main.storyboard */; };
		53981A602462488800F9B699 /* Assets.xcassets in Resources */ = {isa = PBXBuildFile; fileRef = 53981A5F2462488800F9B699 /* Assets.xcassets */; };
		53981A632462488800F9B699 /* LaunchScreen.storyboard in Resources */ = {isa = PBXBuildFile; fileRef = 53981A612462488800F9B699 /* LaunchScreen.storyboard */; };
		53981A6E2462488800F9B699 /* GithubSearchTests.swift in Sources */ = {isa = PBXBuildFile; fileRef = 53981A6D2462488800F9B699 /* GithubSearchTests.swift */; };
		53981A792462488800F9B699 /* GithubSearchUITests.swift in Sources */ = {isa = PBXBuildFile; fileRef = 53981A782462488800F9B699 /* GithubSearchUITests.swift */; };
		53981A8724624D9E00F9B699 /* ViewControllerReactor.swift in Sources */ = {isa = PBXBuildFile; fileRef = 53981A8624624D9E00F9B699 /* ViewControllerReactor.swift */; };
		6B09C4FAE681941823BDC9C7 /* Pods_GithubSearchTests.framework in Frameworks */ = {isa = PBXBuildFile; fileRef = 6FEE5BB289439B3D4C0BB329 /* Pods_GithubSearchTests.framework */; };
/* End PBXBuildFile section */

/* Begin PBXContainerItemProxy section */
		53981A6A2462488800F9B699 /* PBXContainerItemProxy */ = {
			isa = PBXContainerItemProxy;
			containerPortal = 53981A4B2462488600F9B699 /* Project object */;
			proxyType = 1;
			remoteGlobalIDString = 53981A522462488600F9B699;
			remoteInfo = GithubSearch;
		};
		53981A752462488800F9B699 /* PBXContainerItemProxy */ = {
			isa = PBXContainerItemProxy;
			containerPortal = 53981A4B2462488600F9B699 /* Project object */;
			proxyType = 1;
			remoteGlobalIDString = 53981A522462488600F9B699;
			remoteInfo = GithubSearch;
		};
/* End PBXContainerItemProxy section */

/* Begin PBXFileReference section */
		0B6E226FC59B92148B896F7F /* Pods_GithubSearch_GithubSearchUITests.framework */ = {isa = PBXFileReference; explicitFileType = wrapper.framework; includeInIndex = 0; path = Pods_GithubSearch_GithubSearchUITests.framework; sourceTree = BUILT_PRODUCTS_DIR; };
		2FDF0A4BB0C9D8DA87E30D3F /* Pods-GithubSearch-GithubSearchUITests.debug.xcconfig */ = {isa = PBXFileReference; includeInIndex = 1; lastKnownFileType = text.xcconfig; name = "Pods-GithubSearch-GithubSearchUITests.debug.xcconfig"; path = "Target Support Files/Pods-GithubSearch-GithubSearchUITests/Pods-GithubSearch-GithubSearchUITests.debug.xcconfig"; sourceTree = "<group>"; };
		458D258538AE648A0E429CA6 /* Pods_GithubSearch.framework */ = {isa = PBXFileReference; explicitFileType = wrapper.framework; includeInIndex = 0; path = Pods_GithubSearch.framework; sourceTree = BUILT_PRODUCTS_DIR; };
		53981A532462488600F9B699 /* GithubSearch.app */ = {isa = PBXFileReference; explicitFileType = wrapper.application; includeInIndex = 0; path = GithubSearch.app; sourceTree = BUILT_PRODUCTS_DIR; };
		53981A562462488600F9B699 /* AppDelegate.swift */ = {isa = PBXFileReference; lastKnownFileType = sourcecode.swift; path = AppDelegate.swift; sourceTree = "<group>"; };
		53981A582462488600F9B699 /* SceneDelegate.swift */ = {isa = PBXFileReference; lastKnownFileType = sourcecode.swift; path = SceneDelegate.swift; sourceTree = "<group>"; };
		53981A5A2462488600F9B699 /* ViewController.swift */ = {isa = PBXFileReference; lastKnownFileType = sourcecode.swift; path = ViewController.swift; sourceTree = "<group>"; };
		53981A5D2462488600F9B699 /* Base */ = {isa = PBXFileReference; lastKnownFileType = file.storyboard; name = Base; path = Base.lproj/Main.storyboard; sourceTree = "<group>"; };
		53981A5F2462488800F9B699 /* Assets.xcassets */ = {isa = PBXFileReference; lastKnownFileType = folder.assetcatalog; path = Assets.xcassets; sourceTree = "<group>"; };
		53981A622462488800F9B699 /* Base */ = {isa = PBXFileReference; lastKnownFileType = file.storyboard; name = Base; path = Base.lproj/LaunchScreen.storyboard; sourceTree = "<group>"; };
		53981A642462488800F9B699 /* Info.plist */ = {isa = PBXFileReference; lastKnownFileType = text.plist.xml; path = Info.plist; sourceTree = "<group>"; };
		53981A692462488800F9B699 /* GithubSearchTests.xctest */ = {isa = PBXFileReference; explicitFileType = wrapper.cfbundle; includeInIndex = 0; path = GithubSearchTests.xctest; sourceTree = BUILT_PRODUCTS_DIR; };
		53981A6D2462488800F9B699 /* GithubSearchTests.swift */ = {isa = PBXFileReference; lastKnownFileType = sourcecode.swift; path = GithubSearchTests.swift; sourceTree = "<group>"; };
		53981A6F2462488800F9B699 /* Info.plist */ = {isa = PBXFileReference; lastKnownFileType = text.plist.xml; path = Info.plist; sourceTree = "<group>"; };
		53981A742462488800F9B699 /* GithubSearchUITests.xctest */ = {isa = PBXFileReference; explicitFileType = wrapper.cfbundle; includeInIndex = 0; path = GithubSearchUITests.xctest; sourceTree = BUILT_PRODUCTS_DIR; };
		53981A782462488800F9B699 /* GithubSearchUITests.swift */ = {isa = PBXFileReference; lastKnownFileType = sourcecode.swift; path = GithubSearchUITests.swift; sourceTree = "<group>"; };
		53981A7A2462488800F9B699 /* Info.plist */ = {isa = PBXFileReference; lastKnownFileType = text.plist.xml; path = Info.plist; sourceTree = "<group>"; };
		53981A8624624D9E00F9B699 /* ViewControllerReactor.swift */ = {isa = PBXFileReference; lastKnownFileType = sourcecode.swift; path = ViewControllerReactor.swift; sourceTree = "<group>"; };
		5F9E7F1339D1A2243327A67C /* Pods-GithubSearchTests.debug.xcconfig */ = {isa = PBXFileReference; includeInIndex = 1; lastKnownFileType = text.xcconfig; name = "Pods-GithubSearchTests.debug.xcconfig"; path = "Target Support Files/Pods-GithubSearchTests/Pods-GithubSearchTests.debug.xcconfig"; sourceTree = "<group>"; };
		6FEE5BB289439B3D4C0BB329 /* Pods_GithubSearchTests.framework */ = {isa = PBXFileReference; explicitFileType = wrapper.framework; includeInIndex = 0; path = Pods_GithubSearchTests.framework; sourceTree = BUILT_PRODUCTS_DIR; };
		7C65478D329D28DAAC71FA24 /* Pods-GithubSearch.debug.xcconfig */ = {isa = PBXFileReference; includeInIndex = 1; lastKnownFileType = text.xcconfig; name = "Pods-GithubSearch.debug.xcconfig"; path = "Target Support Files/Pods-GithubSearch/Pods-GithubSearch.debug.xcconfig"; sourceTree = "<group>"; };
		91804EEDC631381BCE46C81B /* Pods-GithubSearch-GithubSearchUITests.release.xcconfig */ = {isa = PBXFileReference; includeInIndex = 1; lastKnownFileType = text.xcconfig; name = "Pods-GithubSearch-GithubSearchUITests.release.xcconfig"; path = "Target Support Files/Pods-GithubSearch-GithubSearchUITests/Pods-GithubSearch-GithubSearchUITests.release.xcconfig"; sourceTree = "<group>"; };
		AD0D70B187B97852A2B4EDDE /* Pods-GithubSearch.release.xcconfig */ = {isa = PBXFileReference; includeInIndex = 1; lastKnownFileType = text.xcconfig; name = "Pods-GithubSearch.release.xcconfig"; path = "Target Support Files/Pods-GithubSearch/Pods-GithubSearch.release.xcconfig"; sourceTree = "<group>"; };
		FBA2553DE3FCD29663ACB3F0 /* Pods-GithubSearchTests.release.xcconfig */ = {isa = PBXFileReference; includeInIndex = 1; lastKnownFileType = text.xcconfig; name = "Pods-GithubSearchTests.release.xcconfig"; path = "Target Support Files/Pods-GithubSearchTests/Pods-GithubSearchTests.release.xcconfig"; sourceTree = "<group>"; };
/* End PBXFileReference section */

/* Begin PBXFrameworksBuildPhase section */
		53981A502462488600F9B699 /* Frameworks */ = {
			isa = PBXFrameworksBuildPhase;
			buildActionMask = 2147483647;
			files = (
				42CD497604ACA861C8DBAC12 /* Pods_GithubSearch.framework in Frameworks */,
			);
			runOnlyForDeploymentPostprocessing = 0;
		};
		53981A662462488800F9B699 /* Frameworks */ = {
			isa = PBXFrameworksBuildPhase;
			buildActionMask = 2147483647;
			files = (
				6B09C4FAE681941823BDC9C7 /* Pods_GithubSearchTests.framework in Frameworks */,
			);
			runOnlyForDeploymentPostprocessing = 0;
		};
		53981A712462488800F9B699 /* Frameworks */ = {
			isa = PBXFrameworksBuildPhase;
			buildActionMask = 2147483647;
			files = (
				434F9BA37647BEA15AE6FA03 /* Pods_GithubSearch_GithubSearchUITests.framework in Frameworks */,
			);
			runOnlyForDeploymentPostprocessing = 0;
		};
/* End PBXFrameworksBuildPhase section */

/* Begin PBXGroup section */
		1BED89C6EBCF715BBEABB517 /* Frameworks */ = {
			isa = PBXGroup;
			children = (
				458D258538AE648A0E429CA6 /* Pods_GithubSearch.framework */,
				0B6E226FC59B92148B896F7F /* Pods_GithubSearch_GithubSearchUITests.framework */,
				6FEE5BB289439B3D4C0BB329 /* Pods_GithubSearchTests.framework */,
			);
			name = Frameworks;
			sourceTree = "<group>";
		};
		53981A4A2462488600F9B699 = {
			isa = PBXGroup;
			children = (
				53981A552462488600F9B699 /* GithubSearch */,
				53981A6C2462488800F9B699 /* GithubSearchTests */,
				53981A772462488800F9B699 /* GithubSearchUITests */,
				53981A542462488600F9B699 /* Products */,
				F3DE3E3C90F7E3EFE12BE1B8 /* Pods */,
				1BED89C6EBCF715BBEABB517 /* Frameworks */,
			);
			sourceTree = "<group>";
		};
		53981A542462488600F9B699 /* Products */ = {
			isa = PBXGroup;
			children = (
				53981A532462488600F9B699 /* GithubSearch.app */,
				53981A692462488800F9B699 /* GithubSearchTests.xctest */,
				53981A742462488800F9B699 /* GithubSearchUITests.xctest */,
			);
			name = Products;
			sourceTree = "<group>";
		};
		53981A552462488600F9B699 /* GithubSearch */ = {
			isa = PBXGroup;
			children = (
				53981A562462488600F9B699 /* AppDelegate.swift */,
				53981A582462488600F9B699 /* SceneDelegate.swift */,
				53981A5A2462488600F9B699 /* ViewController.swift */,
				53981A8624624D9E00F9B699 /* ViewControllerReactor.swift */,
				53981A5C2462488600F9B699 /* Main.storyboard */,
				53981A5F2462488800F9B699 /* Assets.xcassets */,
				53981A612462488800F9B699 /* LaunchScreen.storyboard */,
				53981A642462488800F9B699 /* Info.plist */,
			);
			path = GithubSearch;
			sourceTree = "<group>";
		};
		53981A6C2462488800F9B699 /* GithubSearchTests */ = {
			isa = PBXGroup;
			children = (
				53981A6D2462488800F9B699 /* GithubSearchTests.swift */,
				53981A6F2462488800F9B699 /* Info.plist */,
			);
			path = GithubSearchTests;
			sourceTree = "<group>";
		};
		53981A772462488800F9B699 /* GithubSearchUITests */ = {
			isa = PBXGroup;
			children = (
				53981A782462488800F9B699 /* GithubSearchUITests.swift */,
				53981A7A2462488800F9B699 /* Info.plist */,
			);
			path = GithubSearchUITests;
			sourceTree = "<group>";
		};
		F3DE3E3C90F7E3EFE12BE1B8 /* Pods */ = {
			isa = PBXGroup;
			children = (
				7C65478D329D28DAAC71FA24 /* Pods-GithubSearch.debug.xcconfig */,
				AD0D70B187B97852A2B4EDDE /* Pods-GithubSearch.release.xcconfig */,
				2FDF0A4BB0C9D8DA87E30D3F /* Pods-GithubSearch-GithubSearchUITests.debug.xcconfig */,
				91804EEDC631381BCE46C81B /* Pods-GithubSearch-GithubSearchUITests.release.xcconfig */,
				5F9E7F1339D1A2243327A67C /* Pods-GithubSearchTests.debug.xcconfig */,
				FBA2553DE3FCD29663ACB3F0 /* Pods-GithubSearchTests.release.xcconfig */,
			);
			path = Pods;
			sourceTree = "<group>";
		};
/* End PBXGroup section */

/* Begin PBXNativeTarget section */
		53981A522462488600F9B699 /* GithubSearch */ = {
			isa = PBXNativeTarget;
			buildConfigurationList = 53981A7D2462488800F9B699 /* Build configuration list for PBXNativeTarget "GithubSearch" */;
			buildPhases = (
				50D9FA2473FF7907C87E8FD8 /* [CP] Check Pods Manifest.lock */,
				53981A4F2462488600F9B699 /* Sources */,
				53981A502462488600F9B699 /* Frameworks */,
				53981A512462488600F9B699 /* Resources */,
				3C65118FE42BCBE29F07E6D8 /* [CP] Embed Pods Frameworks */,
			);
			buildRules = (
			);
			dependencies = (
			);
			name = GithubSearch;
			productName = GithubSearch;
			productReference = 53981A532462488600F9B699 /* GithubSearch.app */;
			productType = "com.apple.product-type.application";
		};
		53981A682462488800F9B699 /* GithubSearchTests */ = {
			isa = PBXNativeTarget;
			buildConfigurationList = 53981A802462488800F9B699 /* Build configuration list for PBXNativeTarget "GithubSearchTests" */;
			buildPhases = (
				92DD2F61F7B8F05A899B1283 /* [CP] Check Pods Manifest.lock */,
				53981A652462488800F9B699 /* Sources */,
				53981A662462488800F9B699 /* Frameworks */,
				53981A672462488800F9B699 /* Resources */,
			);
			buildRules = (
			);
			dependencies = (
				53981A6B2462488800F9B699 /* PBXTargetDependency */,
			);
			name = GithubSearchTests;
			productName = GithubSearchTests;
			productReference = 53981A692462488800F9B699 /* GithubSearchTests.xctest */;
			productType = "com.apple.product-type.bundle.unit-test";
		};
		53981A732462488800F9B699 /* GithubSearchUITests */ = {
			isa = PBXNativeTarget;
			buildConfigurationList = 53981A832462488800F9B699 /* Build configuration list for PBXNativeTarget "GithubSearchUITests" */;
			buildPhases = (
				48712050BF5DD5C5FB9CCFC2 /* [CP] Check Pods Manifest.lock */,
				53981A702462488800F9B699 /* Sources */,
				53981A712462488800F9B699 /* Frameworks */,
				53981A722462488800F9B699 /* Resources */,
				B2BC8D1CDA7D3F09E7F50F6E /* [CP] Embed Pods Frameworks */,
			);
			buildRules = (
			);
			dependencies = (
				53981A762462488800F9B699 /* PBXTargetDependency */,
			);
			name = GithubSearchUITests;
			productName = GithubSearchUITests;
			productReference = 53981A742462488800F9B699 /* GithubSearchUITests.xctest */;
			productType = "com.apple.product-type.bundle.ui-testing";
		};
/* End PBXNativeTarget section */

/* Begin PBXProject section */
		53981A4B2462488600F9B699 /* Project object */ = {
			isa = PBXProject;
			attributes = {
				LastSwiftUpdateCheck = 1140;
				LastUpgradeCheck = 1140;
				ORGANIZATIONNAME = Macintosh;
				TargetAttributes = {
					53981A522462488600F9B699 = {
						CreatedOnToolsVersion = 11.4.1;
					};
					53981A682462488800F9B699 = {
						CreatedOnToolsVersion = 11.4.1;
						TestTargetID = 53981A522462488600F9B699;
					};
					53981A732462488800F9B699 = {
						CreatedOnToolsVersion = 11.4.1;
						TestTargetID = 53981A522462488600F9B699;
					};
				};
			};
			buildConfigurationList = 53981A4E2462488600F9B699 /* Build configuration list for PBXProject "GithubSearch" */;
			compatibilityVersion = "Xcode 9.3";
			developmentRegion = en;
			hasScannedForEncodings = 0;
			knownRegions = (
				en,
				Base,
			);
			mainGroup = 53981A4A2462488600F9B699;
			productRefGroup = 53981A542462488600F9B699 /* Products */;
			projectDirPath = "";
			projectRoot = "";
			targets = (
				53981A522462488600F9B699 /* GithubSearch */,
				53981A682462488800F9B699 /* GithubSearchTests */,
				53981A732462488800F9B699 /* GithubSearchUITests */,
			);
		};
/* End PBXProject section */

/* Begin PBXResourcesBuildPhase section */
		53981A512462488600F9B699 /* Resources */ = {
			isa = PBXResourcesBuildPhase;
			buildActionMask = 2147483647;
			files = (
				53981A632462488800F9B699 /* LaunchScreen.storyboard in Resources */,
				53981A602462488800F9B699 /* Assets.xcassets in Resources */,
				53981A5E2462488600F9B699 /* Main.storyboard in Resources */,
			);
			runOnlyForDeploymentPostprocessing = 0;
		};
		53981A672462488800F9B699 /* Resources */ = {
			isa = PBXResourcesBuildPhase;
			buildActionMask = 2147483647;
			files = (
			);
			runOnlyForDeploymentPostprocessing = 0;
		};
		53981A722462488800F9B699 /* Resources */ = {
			isa = PBXResourcesBuildPhase;
			buildActionMask = 2147483647;
			files = (
			);
			runOnlyForDeploymentPostprocessing = 0;
		};
/* End PBXResourcesBuildPhase section */

/* Begin PBXShellScriptBuildPhase section */
		3C65118FE42BCBE29F07E6D8 /* [CP] Embed Pods Frameworks */ = {
			isa = PBXShellScriptBuildPhase;
			buildActionMask = 2147483647;
			files = (
			);
			inputFileListPaths = (
				"${PODS_ROOT}/Target Support Files/Pods-GithubSearch/Pods-GithubSearch-frameworks-${CONFIGURATION}-input-files.xcfilelist",
			);
			name = "[CP] Embed Pods Frameworks";
			outputFileListPaths = (
				"${PODS_ROOT}/Target Support Files/Pods-GithubSearch/Pods-GithubSearch-frameworks-${CONFIGURATION}-output-files.xcfilelist",
			);
			runOnlyForDeploymentPostprocessing = 0;
			shellPath = /bin/sh;
			shellScript = "\"${PODS_ROOT}/Target Support Files/Pods-GithubSearch/Pods-GithubSearch-frameworks.sh\"\n";
			showEnvVarsInLog = 0;
		};
		48712050BF5DD5C5FB9CCFC2 /* [CP] Check Pods Manifest.lock */ = {
			isa = PBXShellScriptBuildPhase;
			buildActionMask = 2147483647;
			files = (
			);
			inputFileListPaths = (
			);
			inputPaths = (
				"${PODS_PODFILE_DIR_PATH}/Podfile.lock",
				"${PODS_ROOT}/Manifest.lock",
			);
			name = "[CP] Check Pods Manifest.lock";
			outputFileListPaths = (
			);
			outputPaths = (
				"$(DERIVED_FILE_DIR)/Pods-GithubSearch-GithubSearchUITests-checkManifestLockResult.txt",
			);
			runOnlyForDeploymentPostprocessing = 0;
			shellPath = /bin/sh;
			shellScript = "diff \"${PODS_PODFILE_DIR_PATH}/Podfile.lock\" \"${PODS_ROOT}/Manifest.lock\" > /dev/null\nif [ $? != 0 ] ; then\n    # print error to STDERR\n    echo \"error: The sandbox is not in sync with the Podfile.lock. Run 'pod install' or update your CocoaPods installation.\" >&2\n    exit 1\nfi\n# This output is used by Xcode 'outputs' to avoid re-running this script phase.\necho \"SUCCESS\" > \"${SCRIPT_OUTPUT_FILE_0}\"\n";
			showEnvVarsInLog = 0;
		};
		50D9FA2473FF7907C87E8FD8 /* [CP] Check Pods Manifest.lock */ = {
			isa = PBXShellScriptBuildPhase;
			buildActionMask = 2147483647;
			files = (
			);
			inputFileListPaths = (
			);
			inputPaths = (
				"${PODS_PODFILE_DIR_PATH}/Podfile.lock",
				"${PODS_ROOT}/Manifest.lock",
			);
			name = "[CP] Check Pods Manifest.lock";
			outputFileListPaths = (
			);
			outputPaths = (
				"$(DERIVED_FILE_DIR)/Pods-GithubSearch-checkManifestLockResult.txt",
			);
			runOnlyForDeploymentPostprocessing = 0;
			shellPath = /bin/sh;
			shellScript = "diff \"${PODS_PODFILE_DIR_PATH}/Podfile.lock\" \"${PODS_ROOT}/Manifest.lock\" > /dev/null\nif [ $? != 0 ] ; then\n    # print error to STDERR\n    echo \"error: The sandbox is not in sync with the Podfile.lock. Run 'pod install' or update your CocoaPods installation.\" >&2\n    exit 1\nfi\n# This output is used by Xcode 'outputs' to avoid re-running this script phase.\necho \"SUCCESS\" > \"${SCRIPT_OUTPUT_FILE_0}\"\n";
			showEnvVarsInLog = 0;
		};
		92DD2F61F7B8F05A899B1283 /* [CP] Check Pods Manifest.lock */ = {
			isa = PBXShellScriptBuildPhase;
			buildActionMask = 2147483647;
			files = (
			);
			inputFileListPaths = (
			);
			inputPaths = (
				"${PODS_PODFILE_DIR_PATH}/Podfile.lock",
				"${PODS_ROOT}/Manifest.lock",
			);
			name = "[CP] Check Pods Manifest.lock";
			outputFileListPaths = (
			);
			outputPaths = (
				"$(DERIVED_FILE_DIR)/Pods-GithubSearchTests-checkManifestLockResult.txt",
			);
			runOnlyForDeploymentPostprocessing = 0;
			shellPath = /bin/sh;
			shellScript = "diff \"${PODS_PODFILE_DIR_PATH}/Podfile.lock\" \"${PODS_ROOT}/Manifest.lock\" > /dev/null\nif [ $? != 0 ] ; then\n    # print error to STDERR\n    echo \"error: The sandbox is not in sync with the Podfile.lock. Run 'pod install' or update your CocoaPods installation.\" >&2\n    exit 1\nfi\n# This output is used by Xcode 'outputs' to avoid re-running this script phase.\necho \"SUCCESS\" > \"${SCRIPT_OUTPUT_FILE_0}\"\n";
			showEnvVarsInLog = 0;
		};
		B2BC8D1CDA7D3F09E7F50F6E /* [CP] Embed Pods Frameworks */ = {
			isa = PBXShellScriptBuildPhase;
			buildActionMask = 2147483647;
			files = (
			);
			inputFileListPaths = (
				"${PODS_ROOT}/Target Support Files/Pods-GithubSearch-GithubSearchUITests/Pods-GithubSearch-GithubSearchUITests-frameworks-${CONFIGURATION}-input-files.xcfilelist",
			);
			name = "[CP] Embed Pods Frameworks";
			outputFileListPaths = (
				"${PODS_ROOT}/Target Support Files/Pods-GithubSearch-GithubSearchUITests/Pods-GithubSearch-GithubSearchUITests-frameworks-${CONFIGURATION}-output-files.xcfilelist",
			);
			runOnlyForDeploymentPostprocessing = 0;
			shellPath = /bin/sh;
			shellScript = "\"${PODS_ROOT}/Target Support Files/Pods-GithubSearch-GithubSearchUITests/Pods-GithubSearch-GithubSearchUITests-frameworks.sh\"\n";
			showEnvVarsInLog = 0;
		};
/* End PBXShellScriptBuildPhase section */

/* Begin PBXSourcesBuildPhase section */
		53981A4F2462488600F9B699 /* Sources */ = {
			isa = PBXSourcesBuildPhase;
			buildActionMask = 2147483647;
			files = (
				53981A5B2462488600F9B699 /* ViewController.swift in Sources */,
				53981A8724624D9E00F9B699 /* ViewControllerReactor.swift in Sources */,
				53981A572462488600F9B699 /* AppDelegate.swift in Sources */,
				53981A592462488600F9B699 /* SceneDelegate.swift in Sources */,
			);
			runOnlyForDeploymentPostprocessing = 0;
		};
		53981A652462488800F9B699 /* Sources */ = {
			isa = PBXSourcesBuildPhase;
			buildActionMask = 2147483647;
			files = (
				53981A6E2462488800F9B699 /* GithubSearchTests.swift in Sources */,
			);
			runOnlyForDeploymentPostprocessing = 0;
		};
		53981A702462488800F9B699 /* Sources */ = {
			isa = PBXSourcesBuildPhase;
			buildActionMask = 2147483647;
			files = (
				53981A792462488800F9B699 /* GithubSearchUITests.swift in Sources */,
			);
			runOnlyForDeploymentPostprocessing = 0;
		};
/* End PBXSourcesBuildPhase section */

/* Begin PBXTargetDependency section */
		53981A6B2462488800F9B699 /* PBXTargetDependency */ = {
			isa = PBXTargetDependency;
			target = 53981A522462488600F9B699 /* GithubSearch */;
			targetProxy = 53981A6A2462488800F9B699 /* PBXContainerItemProxy */;
		};
		53981A762462488800F9B699 /* PBXTargetDependency */ = {
			isa = PBXTargetDependency;
			target = 53981A522462488600F9B699 /* GithubSearch */;
			targetProxy = 53981A752462488800F9B699 /* PBXContainerItemProxy */;
		};
/* End PBXTargetDependency section */

/* Begin PBXVariantGroup section */
		53981A5C2462488600F9B699 /* Main.storyboard */ = {
			isa = PBXVariantGroup;
			children = (
				53981A5D2462488600F9B699 /* Base */,
			);
			name = Main.storyboard;
			sourceTree = "<group>";
		};
		53981A612462488800F9B699 /* LaunchScreen.storyboard */ = {
			isa = PBXVariantGroup;
			children = (
				53981A622462488800F9B699 /* Base */,
			);
			name = LaunchScreen.storyboard;
			sourceTree = "<group>";
		};
/* End PBXVariantGroup section */

/* Begin XCBuildConfiguration section */
		53981A7B2462488800F9B699 /* Debug */ = {
			isa = XCBuildConfiguration;
			buildSettings = {
				ALWAYS_SEARCH_USER_PATHS = NO;
				CLANG_ANALYZER_NONNULL = YES;
				CLANG_ANALYZER_NUMBER_OBJECT_CONVERSION = YES_AGGRESSIVE;
				CLANG_CXX_LANGUAGE_STANDARD = "gnu++14";
				CLANG_CXX_LIBRARY = "libc++";
				CLANG_ENABLE_MODULES = YES;
				CLANG_ENABLE_OBJC_ARC = YES;
				CLANG_ENABLE_OBJC_WEAK = YES;
				CLANG_WARN_BLOCK_CAPTURE_AUTORELEASING = YES;
				CLANG_WARN_BOOL_CONVERSION = YES;
				CLANG_WARN_COMMA = YES;
				CLANG_WARN_CONSTANT_CONVERSION = YES;
				CLANG_WARN_DEPRECATED_OBJC_IMPLEMENTATIONS = YES;
				CLANG_WARN_DIRECT_OBJC_ISA_USAGE = YES_ERROR;
				CLANG_WARN_DOCUMENTATION_COMMENTS = YES;
				CLANG_WARN_EMPTY_BODY = YES;
				CLANG_WARN_ENUM_CONVERSION = YES;
				CLANG_WARN_INFINITE_RECURSION = YES;
				CLANG_WARN_INT_CONVERSION = YES;
				CLANG_WARN_NON_LITERAL_NULL_CONVERSION = YES;
				CLANG_WARN_OBJC_IMPLICIT_RETAIN_SELF = YES;
				CLANG_WARN_OBJC_LITERAL_CONVERSION = YES;
				CLANG_WARN_OBJC_ROOT_CLASS = YES_ERROR;
				CLANG_WARN_RANGE_LOOP_ANALYSIS = YES;
				CLANG_WARN_STRICT_PROTOTYPES = YES;
				CLANG_WARN_SUSPICIOUS_MOVE = YES;
				CLANG_WARN_UNGUARDED_AVAILABILITY = YES_AGGRESSIVE;
				CLANG_WARN_UNREACHABLE_CODE = YES;
				CLANG_WARN__DUPLICATE_METHOD_MATCH = YES;
				COPY_PHASE_STRIP = NO;
				DEBUG_INFORMATION_FORMAT = dwarf;
				ENABLE_STRICT_OBJC_MSGSEND = YES;
				ENABLE_TESTABILITY = YES;
				GCC_C_LANGUAGE_STANDARD = gnu11;
				GCC_DYNAMIC_NO_PIC = NO;
				GCC_NO_COMMON_BLOCKS = YES;
				GCC_OPTIMIZATION_LEVEL = 0;
				GCC_PREPROCESSOR_DEFINITIONS = (
					"DEBUG=1",
					"$(inherited)",
				);
				GCC_WARN_64_TO_32_BIT_CONVERSION = YES;
				GCC_WARN_ABOUT_RETURN_TYPE = YES_ERROR;
				GCC_WARN_UNDECLARED_SELECTOR = YES;
				GCC_WARN_UNINITIALIZED_AUTOS = YES_AGGRESSIVE;
				GCC_WARN_UNUSED_FUNCTION = YES;
				GCC_WARN_UNUSED_VARIABLE = YES;
				IPHONEOS_DEPLOYMENT_TARGET = 13.4;
				MTL_ENABLE_DEBUG_INFO = INCLUDE_SOURCE;
				MTL_FAST_MATH = YES;
				ONLY_ACTIVE_ARCH = YES;
				SDKROOT = iphoneos;
				SWIFT_ACTIVE_COMPILATION_CONDITIONS = DEBUG;
				SWIFT_OPTIMIZATION_LEVEL = "-Onone";
			};
			name = Debug;
		};
		53981A7C2462488800F9B699 /* Release */ = {
			isa = XCBuildConfiguration;
			buildSettings = {
				ALWAYS_SEARCH_USER_PATHS = NO;
				CLANG_ANALYZER_NONNULL = YES;
				CLANG_ANALYZER_NUMBER_OBJECT_CONVERSION = YES_AGGRESSIVE;
				CLANG_CXX_LANGUAGE_STANDARD = "gnu++14";
				CLANG_CXX_LIBRARY = "libc++";
				CLANG_ENABLE_MODULES = YES;
				CLANG_ENABLE_OBJC_ARC = YES;
				CLANG_ENABLE_OBJC_WEAK = YES;
				CLANG_WARN_BLOCK_CAPTURE_AUTORELEASING = YES;
				CLANG_WARN_BOOL_CONVERSION = YES;
				CLANG_WARN_COMMA = YES;
				CLANG_WARN_CONSTANT_CONVERSION = YES;
				CLANG_WARN_DEPRECATED_OBJC_IMPLEMENTATIONS = YES;
				CLANG_WARN_DIRECT_OBJC_ISA_USAGE = YES_ERROR;
				CLANG_WARN_DOCUMENTATION_COMMENTS = YES;
				CLANG_WARN_EMPTY_BODY = YES;
				CLANG_WARN_ENUM_CONVERSION = YES;
				CLANG_WARN_INFINITE_RECURSION = YES;
				CLANG_WARN_INT_CONVERSION = YES;
				CLANG_WARN_NON_LITERAL_NULL_CONVERSION = YES;
				CLANG_WARN_OBJC_IMPLICIT_RETAIN_SELF = YES;
				CLANG_WARN_OBJC_LITERAL_CONVERSION = YES;
				CLANG_WARN_OBJC_ROOT_CLASS = YES_ERROR;
				CLANG_WARN_RANGE_LOOP_ANALYSIS = YES;
				CLANG_WARN_STRICT_PROTOTYPES = YES;
				CLANG_WARN_SUSPICIOUS_MOVE = YES;
				CLANG_WARN_UNGUARDED_AVAILABILITY = YES_AGGRESSIVE;
				CLANG_WARN_UNREACHABLE_CODE = YES;
				CLANG_WARN__DUPLICATE_METHOD_MATCH = YES;
				COPY_PHASE_STRIP = NO;
				DEBUG_INFORMATION_FORMAT = "dwarf-with-dsym";
				ENABLE_NS_ASSERTIONS = NO;
				ENABLE_STRICT_OBJC_MSGSEND = YES;
				GCC_C_LANGUAGE_STANDARD = gnu11;
				GCC_NO_COMMON_BLOCKS = YES;
				GCC_WARN_64_TO_32_BIT_CONVERSION = YES;
				GCC_WARN_ABOUT_RETURN_TYPE = YES_ERROR;
				GCC_WARN_UNDECLARED_SELECTOR = YES;
				GCC_WARN_UNINITIALIZED_AUTOS = YES_AGGRESSIVE;
				GCC_WARN_UNUSED_FUNCTION = YES;
				GCC_WARN_UNUSED_VARIABLE = YES;
				IPHONEOS_DEPLOYMENT_TARGET = 13.4;
				MTL_ENABLE_DEBUG_INFO = NO;
				MTL_FAST_MATH = YES;
				SDKROOT = iphoneos;
				SWIFT_COMPILATION_MODE = wholemodule;
				SWIFT_OPTIMIZATION_LEVEL = "-O";
				VALIDATE_PRODUCT = YES;
			};
			name = Release;
		};
		53981A7E2462488800F9B699 /* Debug */ = {
			isa = XCBuildConfiguration;
			baseConfigurationReference = 7C65478D329D28DAAC71FA24 /* Pods-GithubSearch.debug.xcconfig */;
			buildSettings = {
				ASSETCATALOG_COMPILER_APPICON_NAME = AppIcon;
				CODE_SIGN_STYLE = Automatic;
				DEVELOPMENT_TEAM = NP8ZVARPK5;
				INFOPLIST_FILE = GithubSearch/Info.plist;
				IPHONEOS_DEPLOYMENT_TARGET = 13.0;
				LD_RUNPATH_SEARCH_PATHS = (
					"$(inherited)",
					"@executable_path/Frameworks",
				);
				PRODUCT_BUNDLE_IDENTIFIER = com.devkm.GithubSearch;
				PRODUCT_NAME = "$(TARGET_NAME)";
				SWIFT_VERSION = 5.0;
				TARGETED_DEVICE_FAMILY = "1,2";
			};
			name = Debug;
		};
		53981A7F2462488800F9B699 /* Release */ = {
			isa = XCBuildConfiguration;
			baseConfigurationReference = AD0D70B187B97852A2B4EDDE /* Pods-GithubSearch.release.xcconfig */;
			buildSettings = {
				ASSETCATALOG_COMPILER_APPICON_NAME = AppIcon;
				CODE_SIGN_STYLE = Automatic;
				DEVELOPMENT_TEAM = NP8ZVARPK5;
				INFOPLIST_FILE = GithubSearch/Info.plist;
				IPHONEOS_DEPLOYMENT_TARGET = 13.0;
				LD_RUNPATH_SEARCH_PATHS = (
					"$(inherited)",
					"@executable_path/Frameworks",
				);
				PRODUCT_BUNDLE_IDENTIFIER = com.devkm.GithubSearch;
				PRODUCT_NAME = "$(TARGET_NAME)";
				SWIFT_VERSION = 5.0;
				TARGETED_DEVICE_FAMILY = "1,2";
			};
			name = Release;
		};
		53981A812462488800F9B699 /* Debug */ = {
			isa = XCBuildConfiguration;
			baseConfigurationReference = 5F9E7F1339D1A2243327A67C /* Pods-GithubSearchTests.debug.xcconfig */;
			buildSettings = {
				ALWAYS_EMBED_SWIFT_STANDARD_LIBRARIES = YES;
				BUNDLE_LOADER = "$(TEST_HOST)";
				CODE_SIGN_STYLE = Automatic;
				INFOPLIST_FILE = GithubSearchTests/Info.plist;
				IPHONEOS_DEPLOYMENT_TARGET = 13.4;
				LD_RUNPATH_SEARCH_PATHS = (
					"$(inherited)",
					"@executable_path/Frameworks",
					"@loader_path/Frameworks",
				);
				PRODUCT_BUNDLE_IDENTIFIER = com.devkm.GithubSearchTests;
				PRODUCT_NAME = "$(TARGET_NAME)";
				SWIFT_VERSION = 5.0;
				TARGETED_DEVICE_FAMILY = "1,2";
				TEST_HOST = "$(BUILT_PRODUCTS_DIR)/GithubSearch.app/GithubSearch";
			};
			name = Debug;
		};
		53981A822462488800F9B699 /* Release */ = {
			isa = XCBuildConfiguration;
			baseConfigurationReference = FBA2553DE3FCD29663ACB3F0 /* Pods-GithubSearchTests.release.xcconfig */;
			buildSettings = {
				ALWAYS_EMBED_SWIFT_STANDARD_LIBRARIES = YES;
				BUNDLE_LOADER = "$(TEST_HOST)";
				CODE_SIGN_STYLE = Automatic;
				INFOPLIST_FILE = GithubSearchTests/Info.plist;
				IPHONEOS_DEPLOYMENT_TARGET = 13.4;
				LD_RUNPATH_SEARCH_PATHS = (
					"$(inherited)",
					"@executable_path/Frameworks",
					"@loader_path/Frameworks",
				);
				PRODUCT_BUNDLE_IDENTIFIER = com.devkm.GithubSearchTests;
				PRODUCT_NAME = "$(TARGET_NAME)";
				SWIFT_VERSION = 5.0;
				TARGETED_DEVICE_FAMILY = "1,2";
				TEST_HOST = "$(BUILT_PRODUCTS_DIR)/GithubSearch.app/GithubSearch";
			};
			name = Release;
		};
		53981A842462488800F9B699 /* Debug */ = {
			isa = XCBuildConfiguration;
			baseConfigurationReference = 2FDF0A4BB0C9D8DA87E30D3F /* Pods-GithubSearch-GithubSearchUITests.debug.xcconfig */;
			buildSettings = {
				ALWAYS_EMBED_SWIFT_STANDARD_LIBRARIES = YES;
				CODE_SIGN_STYLE = Automatic;
				INFOPLIST_FILE = GithubSearchUITests/Info.plist;
				LD_RUNPATH_SEARCH_PATHS = (
					"$(inherited)",
					"@executable_path/Frameworks",
					"@loader_path/Frameworks",
				);
				PRODUCT_BUNDLE_IDENTIFIER = com.devkm.GithubSearchUITests;
				PRODUCT_NAME = "$(TARGET_NAME)";
				SWIFT_VERSION = 5.0;
				TARGETED_DEVICE_FAMILY = "1,2";
				TEST_TARGET_NAME = GithubSearch;
			};
			name = Debug;
		};
		53981A852462488800F9B699 /* Release */ = {
			isa = XCBuildConfiguration;
			baseConfigurationReference = 91804EEDC631381BCE46C81B /* Pods-GithubSearch-GithubSearchUITests.release.xcconfig */;
			buildSettings = {
				ALWAYS_EMBED_SWIFT_STANDARD_LIBRARIES = YES;
				CODE_SIGN_STYLE = Automatic;
				INFOPLIST_FILE = GithubSearchUITests/Info.plist;
				LD_RUNPATH_SEARCH_PATHS = (
					"$(inherited)",
					"@executable_path/Frameworks",
					"@loader_path/Frameworks",
				);
				PRODUCT_BUNDLE_IDENTIFIER = com.devkm.GithubSearchUITests;
				PRODUCT_NAME = "$(TARGET_NAME)";
				SWIFT_VERSION = 5.0;
				TARGETED_DEVICE_FAMILY = "1,2";
				TEST_TARGET_NAME = GithubSearch;
			};
			name = Release;
		};
/* End XCBuildConfiguration section */

/* Begin XCConfigurationList section */
		53981A4E2462488600F9B699 /* Build configuration list for PBXProject "GithubSearch" */ = {
			isa = XCConfigurationList;
			buildConfigurations = (
				53981A7B2462488800F9B699 /* Debug */,
				53981A7C2462488800F9B699 /* Release */,
			);
			defaultConfigurationIsVisible = 0;
			defaultConfigurationName = Release;
		};
		53981A7D2462488800F9B699 /* Build configuration list for PBXNativeTarget "GithubSearch" */ = {
			isa = XCConfigurationList;
			buildConfigurations = (
				53981A7E2462488800F9B699 /* Debug */,
				53981A7F2462488800F9B699 /* Release */,
			);
			defaultConfigurationIsVisible = 0;
			defaultConfigurationName = Release;
		};
		53981A802462488800F9B699 /* Build configuration list for PBXNativeTarget "GithubSearchTests" */ = {
			isa = XCConfigurationList;
			buildConfigurations = (
				53981A812462488800F9B699 /* Debug */,
				53981A822462488800F9B699 /* Release */,
			);
			defaultConfigurationIsVisible = 0;
			defaultConfigurationName = Release;
		};
		53981A832462488800F9B699 /* Build configuration list for PBXNativeTarget "GithubSearchUITests" */ = {
			isa = XCConfigurationList;
			buildConfigurations = (
				53981A842462488800F9B699 /* Debug */,
				53981A852462488800F9B699 /* Release */,
			);
			defaultConfigurationIsVisible = 0;
			defaultConfigurationName = Release;
		};
/* End XCConfigurationList section */
	};
	rootObject = 53981A4B2462488600F9B699 /* Project object */;
}
